
Microsoft Visual Studio Solution File, Format Version 12.00
# Visual Studio Version 17
VisualStudioVersion = 17.2.32630.192
MinimumVisualStudioVersion = 10.0.40219.1
Project("{FAE04EC0-301F-11D3-BF4B-00C04F79EFBC}") = "ExampleApp2", "ExampleApp2\ExampleApp2.csproj", "{E048CCF7-E527-4823-8DC2-DCB455D692C9}"
EndProject
Global
	GlobalSection(SolutionConfigurationPlatforms) = preSolution
		Debug|Any CPU = Debug|Any CPU
		Release|Any CPU = Release|Any CPU
	EndGlobalSection
	GlobalSection(ProjectConfigurationPlatforms) = postSolution
		{E048CCF7-E527-4823-8DC2-DCB455D692C9}.Debug|Any CPU.ActiveCfg = Debug|Any CPU
		{E048CCF7-E527-4823-8DC2-DCB455D692C9}.Debug|Any CPU.Build.0 = Debug|Any CPU
		{E048CCF7-E527-4823-8DC2-DCB455D692C9}.Release|Any CPU.ActiveCfg = Release|Any CPU
		{E048CCF7-E527-4823-8DC2-DCB455D692C9}.Release|Any CPU.Build.0 = Release|Any CPU
	EndGlobalSection
	GlobalSection(SolutionProperties) = preSolution
		HideSolutionNode = FALSE
	EndGlobalSection
	GlobalSection(ExtensibilityGlobals) = postSolution
		SolutionGuid = {3DC45CB8-B302-465B-9974-0B1391DE4379}
	EndGlobalSection
EndGlobal
